<?xml version="1.0" encoding="utf-8"?>
<Project ToolsVersion="4.0" xmlns="http://schemas.microsoft.com/developer/msbuild/2003">
  <ItemGroup>
    <Filter Include="Source Files">
      <UniqueIdentifier>{4FC737F1-C7A5-4376-A066-2A32D752A2FF}</UniqueIdentifier>
      <Extensions>cpp;c;cc;cxx;def;odl;idl;hpj;bat;asm;asmx</Extensions>
    </Filter>
    <Filter Include="Header Files">
      <UniqueIdentifier>{93995380-89BD-4b04-88EB-625FBE52EBFB}</UniqueIdentifier>
      <Extensions>h;hh;hpp;hxx;hm;inl;inc;xsd</Extensions>
    </Filter>
    <Filter Include="Resource Files">
      <UniqueIdentifier>{67DA6AB6-F800-4c08-8B7A-83BB121AAD01}</UniqueIdentifier>
      <Extensions>rc;ico;cur;bmp;dlg;rc2;rct;bin;rgs;gif;jpg;jpeg;jpe;resx;tiff;tif;png;wav;mfcribbon-ms</Extensions>
    </Filter>
    <Filter Include="Shaders">
      <UniqueIdentifier>{dfcf1411-5b7b-4d33-937b-b5cf44b249df}</UniqueIdentifier>
    </Filter>
  </ItemGroup>
  <ItemGroup>
    <ClCompile Include="main.cpp">
      <Filter>Source Files</Filter>
    </ClCompile>
    <ClCompile Include="EDS_Window.cpp">
      <Filter>Source Files</Filter>
    </ClCompile>
    <ClCompile Include="EDS_Entity.cpp">
      <Filter>Source Files</Filter>
    </ClCompile>
    <ClCompile Include="WindowManager.cpp">
      <Filter>Source Files</Filter>
    </ClCompile>
    <ClCompile Include="LinkedList.cpp">
      <Filter>Source Files</Filter>
    </ClCompile>
    <ClCompile Include="EDS_Button.cpp">
      <Filter>Source Files</Filter>
    </ClCompile>
    <ClCompile Include="TextureManager.cpp">
      <Filter>Source Files</Filter>
    </ClCompile>
    <ClCompile Include="ShaderManager.cpp">
      <Filter>Source Files</Filter>
    </ClCompile>
    <ClCompile Include="EDS_Shader.cpp">
      <Filter>Source Files</Filter>
    </ClCompile>
    <ClCompile Include="EDS_Text.cpp">
      <Filter>Source Files</Filter>
    </ClCompile>
    <ClCompile Include="EDS_Texture.cpp">
      <Filter>Source Files</Filter>
    </ClCompile>
  </ItemGroup>
  <ItemGroup>
    <ClInclude Include="EDS_Window.h">
      <Filter>Source Files</Filter>
    </ClInclude>
    <ClInclude Include="EDS_Entity.h">
      <Filter>Source Files</Filter>
    </ClInclude>
    <ClInclude Include="Entity_Util.h">
      <Filter>Source Files</Filter>
    </ClInclude>
    <ClInclude Include="WindowManager.h">
      <Filter>Source Files</Filter>
    </ClInclude>
    <ClInclude Include="LinkedList.h">
      <Filter>Source Files</Filter>
    </ClInclude>
    <ClInclude Include="EDS_Button.h">
      <Filter>Source Files</Filter>
    </ClInclude>
    <ClInclude Include="TextureManager.h">
      <Filter>Source Files</Filter>
    </ClInclude>
    <ClInclude Include="ShaderManager.h">
      <Filter>Source Files</Filter>
    </ClInclude>
    <ClInclude Include="EDS_Shader.h">
      <Filter>Source Files</Filter>
    </ClInclude>
    <ClInclude Include="EDS_Text.h">
      <Filter>Source Files</Filter>
    </ClInclude>
    <ClInclude Include="EDS_Texture.h">
      <Filter>Source Files</Filter>
    </ClInclude>
  </ItemGroup>
  <ItemGroup>
    <None Include="shaders\frag.shader">
      <Filter>Shaders</Filter>
    </None>
    <None Include="shaders\vert.shader">
      <Filter>Shaders</Filter>
    </None>
    <None Include="shaders\fill.frag.shader">
      <Filter>Shaders</Filter>
    </None>
    <None Include="shaders\texture.frag.shader">
      <Filter>Shaders</Filter>
    </None>
    <None Include="shaders\transpose.vert.shader">
      <Filter>Shaders</Filter>
    </None>
    <None Include="shaders\text.frag.shader">
      <Filter>Shaders</Filter>
    </None>
    <None Include="shaders\button.frag.shader">
      <Filter>Shaders</Filter>
    </None>
  </ItemGroup>
</Project>